{
  "nodes": {
    "brittany": {
      "flake": false,
      "locked": {
        "lastModified": 1595332700,
        "narHash": "sha256-Z+t3oCP0ZuxLcNgLPfKm95QdsDqIV5hpm/ZRMkF7Zo0=",
        "owner": "bubba",
        "repo": "brittany",
        "rev": "7d68b1cc3809e2921756c3a1bf67a83e82c21b0a",
        "type": "github"
      },
      "original": {
        "owner": "bubba",
        "repo": "brittany",
        "type": "github"
      }
    },
    "co-log": {
      "flake": false,
      "locked": {
        "lastModified": 1605366789,
        "narHash": "sha256-oygb1r+NVAbeweB8X4BvfMCuKAaSMqfhoQWXitGG3F4=",
        "owner": "kowainik",
        "repo": "co-log",
        "rev": "38ebc84de3e937cf3f94570485a064837d537b18",
        "type": "github"
      },
      "original": {
        "owner": "kowainik",
        "repo": "co-log",
        "type": "github"
      }
    },
    "flake-utils": {
      "locked": {
        "lastModified": 1614513358,
        "narHash": "sha256-LakhOx3S1dRjnh0b5Dg3mbZyH0ToC9I8Y2wKSkBaTzU=",
        "owner": "numtide",
        "repo": "flake-utils",
        "rev": "5466c5bbece17adaab2d82fae80b46e807611bf3",
        "type": "github"
      },
      "original": {
        "owner": "numtide",
        "repo": "flake-utils",
        "type": "github"
      }
    },
    "hls": {
      "flake": false,
      "locked": {
        "lastModified": 1615489494,
        "narHash": "sha256-yOrsuzt7hDo0503FlfGkyDlLCxX0tSQ7EB+q7bq6sTc=",
        "owner": "haskell",
        "repo": "haskell-language-server",
        "rev": "988c49858f4efae1d2e821669646f4b53ec598ba",
        "type": "github"
      },
      "original": {
        "owner": "haskell",
        "repo": "haskell-language-server",
        "type": "github"
      }
    },
    "nixpkgs": {
      "locked": {
        "lastModified": 1602473909,
        "narHash": "sha256-tZfZhmjYNX4UrUySEjbosJO7Bj3eiCGnjfX5DkVClQw=",
        "owner": "NixOS",
        "repo": "nixpkgs",
        "rev": "cfed29bfcb28259376713005d176a6f82951014a",
        "type": "github"
      },
      "original": {
        "owner": "NixOS",
        "repo": "nixpkgs",
        "rev": "cfed29bfcb28259376713005d176a6f82951014a",
        "type": "github"
      }
    },
    "obelisk": {
      "flake": false,
      "locked": {
        "lastModified": 1608244789,
        "narHash": "sha256-fzaMcHupjoR8UMwkwikaFtvjr8CfmHN4Zgexno1HkzY=",
        "owner": "obsidiansystems",
        "repo": "obelisk",
        "rev": "7ad33cbe3e84b209e83c505ce25486445bbd602e",
        "type": "github"
      },
      "original": {
        "owner": "obsidiansystems",
        "repo": "obelisk",
        "type": "github"
      }
    },
    "polysemy": {
      "flake": false,
      "locked": {
        "lastModified": 1616857455,
        "narHash": "sha256-brNPZxMcdoDPUmgWue99m3pPg37Nk7nwrA69PVmUrWk=",
        "owner": "polysemy-research",
        "repo": "polysemy",
        "rev": "6cafe928d8519db0c953040351e6920ff6839bbd",
        "type": "github"
      },
      "original": {
        "owner": "polysemy-research",
        "repo": "polysemy",
        "type": "github"
      }
    },
    "polysemy-log": {
      "flake": false,
      "locked": {
        "lastModified": 1616880093,
        "narHash": "sha256-CgSSdRLyGR9zcJi1MWZQrsMc2NgdPKgOH58KIGNV/Vs=",
        "owner": "tek",
        "repo": "polysemy-log",
        "rev": "b1f22a37fc0ccfabb9baa8164df085615418b70d",
        "type": "github"
      },
      "original": {
        "owner": "tek",
        "repo": "polysemy-log",
        "type": "github"
      }
    },
    "polysemy-time": {
      "flake": false,
      "locked": {
        "lastModified": 1606590460,
        "narHash": "sha256-6qh1TiqYfF+eH2mBgpwCagruK6KPT3ocSUGvbWlT3eI=",
        "owner": "tek",
        "repo": "polysemy-time",
        "rev": "2d2f8328aa337f72122cc4b1e9f496904952eb1f",
        "type": "github"
      },
      "original": {
        "owner": "tek",
        "repo": "polysemy-time",
        "type": "github"
      }
    },
    "reflex-platform": {
      "flake": false,
      "locked": {
        "lastModified": 1612222259,
        "narHash": "sha256-yjIkGft9ukMPEXnMWZxNCQYTHpsO7WDtUm52HWh/QgE=",
        "ref": "tryp",
        "rev": "17694b23d528b262efeaf0fbbc5b4fbe3deb4faf",
        "revCount": 3031,
        "type": "git",
        "url": "https://gitlab.tryp.io/nix/reflex-platform.git"
      },
      "original": {
        "ref": "tryp",
        "type": "git",
        "url": "https://gitlab.tryp.io/nix/reflex-platform.git"
      }
    },
    "root": {
      "inputs": {
        "co-log": "co-log",
        "flake-utils": "flake-utils",
        "nixpkgs": "nixpkgs",
        "polysemy": "polysemy",
        "polysemy-log": "polysemy-log",
        "polysemy-time": "polysemy-time",
        "tryp-hs": "tryp-hs"
      }
    },
    "snap-core": {
      "flake": false,
      "locked": {
        "lastModified": 1583434915,
        "narHash": "sha256-vVfDooI1OKSXcVIUMFx/2aceendwqhJjtjtxSmDoI50=",
        "owner": "obsidiansystems",
        "repo": "snap-core",
        "rev": "e015fc484e38dd9389c58b277b1884395e553bdf",
        "type": "github"
      },
      "original": {
        "owner": "obsidiansystems",
        "ref": "ts-expose-fileserve-internals",
        "repo": "snap-core",
        "type": "github"
      }
    },
    "thax": {
      "flake": false,
      "locked": {
        "lastModified": 1605284261,
        "narHash": "sha256-E/plhauthjbmPyAfphNrkAnLIxVxZRbiCj172cnXsGs=",
        "owner": "tek",
        "repo": "thax",
        "rev": "8f63f0578a97bae2584483f3d78750a97d6afb88",
        "type": "github"
      },
      "original": {
        "owner": "tek",
        "repo": "thax",
        "type": "github"
      }
    },
    "tryp-hs": {
      "inputs": {
        "brittany": "brittany",
        "hls": "hls",
        "nixpkgs": [
          "nixpkgs"
        ],
        "obelisk": "obelisk",
        "reflex-platform": "reflex-platform",
        "snap-core": "snap-core",
        "thax": "thax"
      },
      "locked": {
        "lastModified": 1616771649,
        "narHash": "sha256-BE9o8jl0pBjJ0S1o0KjbUKo7FqZBj5VWyn224ESyeUI=",
        "owner": "tek",
        "repo": "tryp-hs",
        "rev": "71f0206cee5617b518ef530463a4eb1dccfe3d7d",
        "type": "github"
      },
      "original": {
        "owner": "tek",
        "repo": "tryp-hs",
        "type": "github"
      }
    }
  },
  "root": "root",
  "version": 7
}
